// !$*UTF8*$!
{
	archiveVersion = 1;
	classes = {
	};
	objectVersion = 56;
	objects = {

/* Begin PBXBuildFile section */
		2725FDD82B60695100F2B49D /* UIHelper.swift in Sources */ = {isa = PBXBuildFile; fileRef = 2725FDD72B60695100F2B49D /* UIHelper.swift */; };
		2725FDE02B61E00F00F2B49D /* GFEmptyStateView.swift in Sources */ = {isa = PBXBuildFile; fileRef = 2725FDDF2B61E00F00F2B49D /* GFEmptyStateView.swift */; };
		278EFA092B65AA3F00561BD4 /* UserInfoVC.swift in Sources */ = {isa = PBXBuildFile; fileRef = 278EFA082B65AA3F00561BD4 /* UserInfoVC.swift */; };
		278EFA0B2B68608A00561BD4 /* GFUserHeaderInfoVC.swift in Sources */ = {isa = PBXBuildFile; fileRef = 278EFA0A2B68608A00561BD4 /* GFUserHeaderInfoVC.swift */; };
		278EFA0D2B6860A500561BD4 /* GFMediumLabel.swift in Sources */ = {isa = PBXBuildFile; fileRef = 278EFA0C2B6860A500561BD4 /* GFMediumLabel.swift */; };
		278EFA0F2B6983C900561BD4 /* GFItemInfoView.swift in Sources */ = {isa = PBXBuildFile; fileRef = 278EFA0E2B6983C900561BD4 /* GFItemInfoView.swift */; };
		278EFA112B698DC700561BD4 /* Constants.swift in Sources */ = {isa = PBXBuildFile; fileRef = 278EFA102B698DC700561BD4 /* Constants.swift */; };
		27C597E62B4F531E0051F35C /* AppDelegate.swift in Sources */ = {isa = PBXBuildFile; fileRef = 27C597E52B4F531E0051F35C /* AppDelegate.swift */; };
		27C597E82B4F531E0051F35C /* SceneDelegate.swift in Sources */ = {isa = PBXBuildFile; fileRef = 27C597E72B4F531E0051F35C /* SceneDelegate.swift */; };
		27C597EF2B4F53200051F35C /* Assets.xcassets in Resources */ = {isa = PBXBuildFile; fileRef = 27C597EE2B4F53200051F35C /* Assets.xcassets */; };
		27C597F22B4F53200051F35C /* LaunchScreen.storyboard in Resources */ = {isa = PBXBuildFile; fileRef = 27C597F02B4F53200051F35C /* LaunchScreen.storyboard */; };
		27C597FA2B4F62BC0051F35C /* SearchVC.swift in Sources */ = {isa = PBXBuildFile; fileRef = 27C597F92B4F62BC0051F35C /* SearchVC.swift */; };
		27C597FC2B4F62EB0051F35C /* FavoritesListVC.swift in Sources */ = {isa = PBXBuildFile; fileRef = 27C597FB2B4F62EB0051F35C /* FavoritesListVC.swift */; };
		27C597FE2B50076A0051F35C /* GFButton.swift in Sources */ = {isa = PBXBuildFile; fileRef = 27C597FD2B50076A0051F35C /* GFButton.swift */; };
		27C598002B51CBFD0051F35C /* GFTextField.swift in Sources */ = {isa = PBXBuildFile; fileRef = 27C597FF2B51CBFD0051F35C /* GFTextField.swift */; };
		27C598022B51D4600051F35C /* UIView+Ext.swift in Sources */ = {isa = PBXBuildFile; fileRef = 27C598012B51D4600051F35C /* UIView+Ext.swift */; };
		27C598042B5335D30051F35C /* FollowerListVC.swift in Sources */ = {isa = PBXBuildFile; fileRef = 27C598032B5335D30051F35C /* FollowerListVC.swift */; };
		27C598062B54A2720051F35C /* GFTitleLabel.swift in Sources */ = {isa = PBXBuildFile; fileRef = 27C598052B54A2720051F35C /* GFTitleLabel.swift */; };
		27C598082B54A4540051F35C /* GFBodyLabel.swift in Sources */ = {isa = PBXBuildFile; fileRef = 27C598072B54A4530051F35C /* GFBodyLabel.swift */; };
		27C5980A2B54A54C0051F35C /* AlertVC.swift in Sources */ = {isa = PBXBuildFile; fileRef = 27C598092B54A54C0051F35C /* AlertVC.swift */; };
		27C5980E2B54ADEC0051F35C /* UIVIewController+Ext.swift in Sources */ = {isa = PBXBuildFile; fileRef = 27C5980D2B54ADEC0051F35C /* UIVIewController+Ext.swift */; };
		27C598142B55E1D10051F35C /* GFAlertContainerView.swift in Sources */ = {isa = PBXBuildFile; fileRef = 27C598132B55E1D10051F35C /* GFAlertContainerView.swift */; };
		27C598172B55E7C90051F35C /* User.swift in Sources */ = {isa = PBXBuildFile; fileRef = 27C598162B55E7C90051F35C /* User.swift */; };
		27C598192B55E8C30051F35C /* Follower.swift in Sources */ = {isa = PBXBuildFile; fileRef = 27C598182B55E8C30051F35C /* Follower.swift */; };
		27C5981C2B5749030051F35C /* NetworkManager.swift in Sources */ = {isa = PBXBuildFile; fileRef = 27C5981B2B5749030051F35C /* NetworkManager.swift */; };
		27C5981F2B5884EA0051F35C /* GFError.swift in Sources */ = {isa = PBXBuildFile; fileRef = 27C5981E2B5884EA0051F35C /* GFError.swift */; };
		27C598212B59E18F0051F35C /* FollowerCell.swift in Sources */ = {isa = PBXBuildFile; fileRef = 27C598202B59E18F0051F35C /* FollowerCell.swift */; };
		27C598242B59E1C90051F35C /* GFAvatarImageView.swift in Sources */ = {isa = PBXBuildFile; fileRef = 27C598232B59E1C90051F35C /* GFAvatarImageView.swift */; };
/* End PBXBuildFile section */

/* Begin PBXFileReference section */
		2725FDD72B60695100F2B49D /* UIHelper.swift */ = {isa = PBXFileReference; lastKnownFileType = sourcecode.swift; path = UIHelper.swift; sourceTree = "<group>"; };
		2725FDDF2B61E00F00F2B49D /* GFEmptyStateView.swift */ = {isa = PBXFileReference; lastKnownFileType = sourcecode.swift; path = GFEmptyStateView.swift; sourceTree = "<group>"; };
		278EFA082B65AA3F00561BD4 /* UserInfoVC.swift */ = {isa = PBXFileReference; lastKnownFileType = sourcecode.swift; path = UserInfoVC.swift; sourceTree = "<group>"; };
		278EFA0A2B68608A00561BD4 /* GFUserHeaderInfoVC.swift */ = {isa = PBXFileReference; lastKnownFileType = sourcecode.swift; path = GFUserHeaderInfoVC.swift; sourceTree = "<group>"; };
		278EFA0C2B6860A500561BD4 /* GFMediumLabel.swift */ = {isa = PBXFileReference; lastKnownFileType = sourcecode.swift; path = GFMediumLabel.swift; sourceTree = "<group>"; };
		278EFA0E2B6983C900561BD4 /* GFItemInfoView.swift */ = {isa = PBXFileReference; lastKnownFileType = sourcecode.swift; path = GFItemInfoView.swift; sourceTree = "<group>"; };
		278EFA102B698DC700561BD4 /* Constants.swift */ = {isa = PBXFileReference; lastKnownFileType = sourcecode.swift; path = Constants.swift; sourceTree = "<group>"; };
		27C597E22B4F531E0051F35C /* github-followers-app.app */ = {isa = PBXFileReference; explicitFileType = wrapper.application; includeInIndex = 0; path = "github-followers-app.app"; sourceTree = BUILT_PRODUCTS_DIR; };
		27C597E52B4F531E0051F35C /* AppDelegate.swift */ = {isa = PBXFileReference; lastKnownFileType = sourcecode.swift; path = AppDelegate.swift; sourceTree = "<group>"; };
		27C597E72B4F531E0051F35C /* SceneDelegate.swift */ = {isa = PBXFileReference; lastKnownFileType = sourcecode.swift; path = SceneDelegate.swift; sourceTree = "<group>"; };
		27C597EE2B4F53200051F35C /* Assets.xcassets */ = {isa = PBXFileReference; lastKnownFileType = folder.assetcatalog; path = Assets.xcassets; sourceTree = "<group>"; };
		27C597F12B4F53200051F35C /* Base */ = {isa = PBXFileReference; lastKnownFileType = file.storyboard; name = Base; path = Base.lproj/LaunchScreen.storyboard; sourceTree = "<group>"; };
		27C597F32B4F53200051F35C /* Info.plist */ = {isa = PBXFileReference; lastKnownFileType = text.plist.xml; path = Info.plist; sourceTree = "<group>"; };
		27C597F92B4F62BC0051F35C /* SearchVC.swift */ = {isa = PBXFileReference; lastKnownFileType = sourcecode.swift; path = SearchVC.swift; sourceTree = "<group>"; };
		27C597FB2B4F62EB0051F35C /* FavoritesListVC.swift */ = {isa = PBXFileReference; lastKnownFileType = sourcecode.swift; path = FavoritesListVC.swift; sourceTree = "<group>"; };
		27C597FD2B50076A0051F35C /* GFButton.swift */ = {isa = PBXFileReference; lastKnownFileType = sourcecode.swift; path = GFButton.swift; sourceTree = "<group>"; };
		27C597FF2B51CBFD0051F35C /* GFTextField.swift */ = {isa = PBXFileReference; lastKnownFileType = sourcecode.swift; path = GFTextField.swift; sourceTree = "<group>"; };
		27C598012B51D4600051F35C /* UIView+Ext.swift */ = {isa = PBXFileReference; lastKnownFileType = sourcecode.swift; path = "UIView+Ext.swift"; sourceTree = "<group>"; };
		27C598032B5335D30051F35C /* FollowerListVC.swift */ = {isa = PBXFileReference; lastKnownFileType = sourcecode.swift; path = FollowerListVC.swift; sourceTree = "<group>"; };
		27C598052B54A2720051F35C /* GFTitleLabel.swift */ = {isa = PBXFileReference; lastKnownFileType = sourcecode.swift; path = GFTitleLabel.swift; sourceTree = "<group>"; };
		27C598072B54A4530051F35C /* GFBodyLabel.swift */ = {isa = PBXFileReference; lastKnownFileType = sourcecode.swift; path = GFBodyLabel.swift; sourceTree = "<group>"; };
		27C598092B54A54C0051F35C /* AlertVC.swift */ = {isa = PBXFileReference; lastKnownFileType = sourcecode.swift; path = AlertVC.swift; sourceTree = "<group>"; };
		27C5980D2B54ADEC0051F35C /* UIVIewController+Ext.swift */ = {isa = PBXFileReference; lastKnownFileType = sourcecode.swift; path = "UIVIewController+Ext.swift"; sourceTree = "<group>"; };
		27C598132B55E1D10051F35C /* GFAlertContainerView.swift */ = {isa = PBXFileReference; lastKnownFileType = sourcecode.swift; path = GFAlertContainerView.swift; sourceTree = "<group>"; };
		27C598162B55E7C90051F35C /* User.swift */ = {isa = PBXFileReference; lastKnownFileType = sourcecode.swift; path = User.swift; sourceTree = "<group>"; };
		27C598182B55E8C30051F35C /* Follower.swift */ = {isa = PBXFileReference; lastKnownFileType = sourcecode.swift; path = Follower.swift; sourceTree = "<group>"; };
		27C5981B2B5749030051F35C /* NetworkManager.swift */ = {isa = PBXFileReference; lastKnownFileType = sourcecode.swift; path = NetworkManager.swift; sourceTree = "<group>"; };
		27C5981E2B5884EA0051F35C /* GFError.swift */ = {isa = PBXFileReference; lastKnownFileType = sourcecode.swift; path = GFError.swift; sourceTree = "<group>"; };
		27C598202B59E18F0051F35C /* FollowerCell.swift */ = {isa = PBXFileReference; lastKnownFileType = sourcecode.swift; path = FollowerCell.swift; sourceTree = "<group>"; };
		27C598232B59E1C90051F35C /* GFAvatarImageView.swift */ = {isa = PBXFileReference; lastKnownFileType = sourcecode.swift; path = GFAvatarImageView.swift; sourceTree = "<group>"; };
/* End PBXFileReference section */

/* Begin PBXFrameworksBuildPhase section */
		27C597DF2B4F531E0051F35C /* Frameworks */ = {
			isa = PBXFrameworksBuildPhase;
			buildActionMask = 2147483647;
			files = (
			);
			runOnlyForDeploymentPostprocessing = 0;
		};
/* End PBXFrameworksBuildPhase section */

/* Begin PBXGroup section */
		2725FDD92B61DF8400F2B49D /* Views */ = {
			isa = PBXGroup;
			children = (
				27C598132B55E1D10051F35C /* GFAlertContainerView.swift */,
				2725FDDF2B61E00F00F2B49D /* GFEmptyStateView.swift */,
				278EFA0E2B6983C900561BD4 /* GFItemInfoView.swift */,
			);
			path = Views;
			sourceTree = "<group>";
		};
		2725FDDA2B61DF8800F2B49D /* Buttons */ = {
			isa = PBXGroup;
			children = (
				27C597FD2B50076A0051F35C /* GFButton.swift */,
			);
			path = Buttons;
			sourceTree = "<group>";
		};
		2725FDDB2B61DF8B00F2B49D /* TextFields */ = {
			isa = PBXGroup;
			children = (
				27C597FF2B51CBFD0051F35C /* GFTextField.swift */,
			);
			path = TextFields;
			sourceTree = "<group>";
		};
		2725FDDC2B61DF9200F2B49D /* ImageViews */ = {
			isa = PBXGroup;
			children = (
				27C598232B59E1C90051F35C /* GFAvatarImageView.swift */,
			);
			path = ImageViews;
			sourceTree = "<group>";
		};
		2725FDDD2B61DF9800F2B49D /* ViewControllers */ = {
			isa = PBXGroup;
			children = (
				27C598092B54A54C0051F35C /* AlertVC.swift */,
				278EFA0A2B68608A00561BD4 /* GFUserHeaderInfoVC.swift */,
			);
			path = ViewControllers;
			sourceTree = "<group>";
		};
		2725FDDE2B61DFB400F2B49D /* Labels */ = {
			isa = PBXGroup;
			children = (
				27C598052B54A2720051F35C /* GFTitleLabel.swift */,
				27C598072B54A4530051F35C /* GFBodyLabel.swift */,
				278EFA0C2B6860A500561BD4 /* GFMediumLabel.swift */,
			);
			path = Labels;
			sourceTree = "<group>";
		};
		27C597D92B4F531E0051F35C = {
			isa = PBXGroup;
			children = (
				27C597E42B4F531E0051F35C /* github-followers-app */,
				27C597E32B4F531E0051F35C /* Products */,
			);
			sourceTree = "<group>";
		};
		27C597E32B4F531E0051F35C /* Products */ = {
			isa = PBXGroup;
			children = (
				27C597E22B4F531E0051F35C /* github-followers-app.app */,
			);
			name = Products;
			sourceTree = "<group>";
		};
		27C597E42B4F531E0051F35C /* github-followers-app */ = {
			isa = PBXGroup;
			children = (
				27C5981D2B5884E20051F35C /* Utilities */,
				27C5981A2B5748F30051F35C /* Managers */,
				27C598152B55E7BA0051F35C /* Model */,
				27C598122B55DF1B0051F35C /* Extensions */,
				27C598102B55DF0F0051F35C /* Custom Views */,
				27C5980F2B55DF090051F35C /* Screens */,
				27C598112B55DF170051F35C /* Support */,
				27C597F32B4F53200051F35C /* Info.plist */,
				27C597EE2B4F53200051F35C /* Assets.xcassets */,
			);
			path = "github-followers-app";
			sourceTree = "<group>";
		};
		27C5980F2B55DF090051F35C /* Screens */ = {
			isa = PBXGroup;
			children = (
				27C597F92B4F62BC0051F35C /* SearchVC.swift */,
				27C598032B5335D30051F35C /* FollowerListVC.swift */,
				27C597FB2B4F62EB0051F35C /* FavoritesListVC.swift */,
				278EFA082B65AA3F00561BD4 /* UserInfoVC.swift */,
			);
			path = Screens;
			sourceTree = "<group>";
		};
		27C598102B55DF0F0051F35C /* Custom Views */ = {
			isa = PBXGroup;
			children = (
				2725FDDE2B61DFB400F2B49D /* Labels */,
				2725FDDD2B61DF9800F2B49D /* ViewControllers */,
				2725FDDC2B61DF9200F2B49D /* ImageViews */,
				2725FDDB2B61DF8B00F2B49D /* TextFields */,
				2725FDDA2B61DF8800F2B49D /* Buttons */,
				2725FDD92B61DF8400F2B49D /* Views */,
				27C598222B59E1970051F35C /* Cells */,
			);
			path = "Custom Views";
			sourceTree = "<group>";
		};
		27C598112B55DF170051F35C /* Support */ = {
			isa = PBXGroup;
			children = (
				27C597E52B4F531E0051F35C /* AppDelegate.swift */,
				27C597E72B4F531E0051F35C /* SceneDelegate.swift */,
				27C597F02B4F53200051F35C /* LaunchScreen.storyboard */,
			);
			path = Support;
			sourceTree = "<group>";
		};
		27C598122B55DF1B0051F35C /* Extensions */ = {
			isa = PBXGroup;
			children = (
				27C598012B51D4600051F35C /* UIView+Ext.swift */,
				27C5980D2B54ADEC0051F35C /* UIVIewController+Ext.swift */,
			);
			path = Extensions;
			sourceTree = "<group>";
		};
		27C598152B55E7BA0051F35C /* Model */ = {
			isa = PBXGroup;
			children = (
				27C598162B55E7C90051F35C /* User.swift */,
				27C598182B55E8C30051F35C /* Follower.swift */,
			);
			path = Model;
			sourceTree = "<group>";
		};
		27C5981A2B5748F30051F35C /* Managers */ = {
			isa = PBXGroup;
			children = (
				27C5981B2B5749030051F35C /* NetworkManager.swift */,
			);
			path = Managers;
			sourceTree = "<group>";
		};
		27C5981D2B5884E20051F35C /* Utilities */ = {
			isa = PBXGroup;
			children = (
				27C5981E2B5884EA0051F35C /* GFError.swift */,
				2725FDD72B60695100F2B49D /* UIHelper.swift */,
				278EFA102B698DC700561BD4 /* Constants.swift */,
			);
			path = Utilities;
			sourceTree = "<group>";
		};
		27C598222B59E1970051F35C /* Cells */ = {
			isa = PBXGroup;
			children = (
				27C598202B59E18F0051F35C /* FollowerCell.swift */,
			);
			path = Cells;
			sourceTree = "<group>";
		};
/* End PBXGroup section */

/* Begin PBXNativeTarget section */
		27C597E12B4F531E0051F35C /* github-followers-app */ = {
			isa = PBXNativeTarget;
			buildConfigurationList = 27C597F62B4F53200051F35C /* Build configuration list for PBXNativeTarget "github-followers-app" */;
			buildPhases = (
				27C597DE2B4F531E0051F35C /* Sources */,
				27C597DF2B4F531E0051F35C /* Frameworks */,
				27C597E02B4F531E0051F35C /* Resources */,
			);
			buildRules = (
			);
			dependencies = (
			);
			name = "github-followers-app";
			productName = "github-followers-app";
			productReference = 27C597E22B4F531E0051F35C /* github-followers-app.app */;
			productType = "com.apple.product-type.application";
		};
/* End PBXNativeTarget section */

/* Begin PBXProject section */
		27C597DA2B4F531E0051F35C /* Project object */ = {
			isa = PBXProject;
			attributes = {
				BuildIndependentTargetsInParallel = 1;
				LastSwiftUpdateCheck = 1520;
				LastUpgradeCheck = 1520;
				TargetAttributes = {
					27C597E12B4F531E0051F35C = {
						CreatedOnToolsVersion = 15.2;
					};
				};
			};
			buildConfigurationList = 27C597DD2B4F531E0051F35C /* Build configuration list for PBXProject "github-followers-app" */;
			compatibilityVersion = "Xcode 14.0";
			developmentRegion = en;
			hasScannedForEncodings = 0;
			knownRegions = (
				en,
				Base,
			);
			mainGroup = 27C597D92B4F531E0051F35C;
			productRefGroup = 27C597E32B4F531E0051F35C /* Products */;
			projectDirPath = "";
			projectRoot = "";
			targets = (
				27C597E12B4F531E0051F35C /* github-followers-app */,
			);
		};
/* End PBXProject section */

/* Begin PBXResourcesBuildPhase section */
		27C597E02B4F531E0051F35C /* Resources */ = {
			isa = PBXResourcesBuildPhase;
			buildActionMask = 2147483647;
			files = (
				27C597F22B4F53200051F35C /* LaunchScreen.storyboard in Resources */,
				27C597EF2B4F53200051F35C /* Assets.xcassets in Resources */,
			);
			runOnlyForDeploymentPostprocessing = 0;
		};
/* End PBXResourcesBuildPhase section */

/* Begin PBXSourcesBuildPhase section */
		27C597DE2B4F531E0051F35C /* Sources */ = {
			isa = PBXSourcesBuildPhase;
			buildActionMask = 2147483647;
			files = (
				27C598142B55E1D10051F35C /* GFAlertContainerView.swift in Sources */,
				27C5981C2B5749030051F35C /* NetworkManager.swift in Sources */,
				27C598242B59E1C90051F35C /* GFAvatarImageView.swift in Sources */,
				2725FDD82B60695100F2B49D /* UIHelper.swift in Sources */,
				27C598192B55E8C30051F35C /* Follower.swift in Sources */,
				27C598002B51CBFD0051F35C /* GFTextField.swift in Sources */,
				27C597FC2B4F62EB0051F35C /* FavoritesListVC.swift in Sources */,
				278EFA112B698DC700561BD4 /* Constants.swift in Sources */,
				27C597FE2B50076A0051F35C /* GFButton.swift in Sources */,
				27C598022B51D4600051F35C /* UIView+Ext.swift in Sources */,
				27C597FA2B4F62BC0051F35C /* SearchVC.swift in Sources */,
				27C598172B55E7C90051F35C /* User.swift in Sources */,
				27C597E62B4F531E0051F35C /* AppDelegate.swift in Sources */,
				278EFA0D2B6860A500561BD4 /* GFMediumLabel.swift in Sources */,
				27C598062B54A2720051F35C /* GFTitleLabel.swift in Sources */,
				27C598212B59E18F0051F35C /* FollowerCell.swift in Sources */,
				27C5981F2B5884EA0051F35C /* GFError.swift in Sources */,
				2725FDE02B61E00F00F2B49D /* GFEmptyStateView.swift in Sources */,
				27C5980A2B54A54C0051F35C /* AlertVC.swift in Sources */,
				27C598042B5335D30051F35C /* FollowerListVC.swift in Sources */,
				27C597E82B4F531E0051F35C /* SceneDelegate.swift in Sources */,
				27C5980E2B54ADEC0051F35C /* UIVIewController+Ext.swift in Sources */,
				278EFA0B2B68608A00561BD4 /* GFUserHeaderInfoVC.swift in Sources */,
				278EFA0F2B6983C900561BD4 /* GFItemInfoView.swift in Sources */,
				27C598082B54A4540051F35C /* GFBodyLabel.swift in Sources */,
				278EFA092B65AA3F00561BD4 /* UserInfoVC.swift in Sources */,
			);
			runOnlyForDeploymentPostprocessing = 0;
		};
/* End PBXSourcesBuildPhase section */

/* Begin PBXVariantGroup section */
		27C597F02B4F53200051F35C /* LaunchScreen.storyboard */ = {
			isa = PBXVariantGroup;
			children = (
				27C597F12B4F53200051F35C /* Base */,
			);
			name = LaunchScreen.storyboard;
			sourceTree = "<group>";
		};
/* End PBXVariantGroup section */

/* Begin XCBuildConfiguration section */
		27C597F42B4F53200051F35C /* Debug */ = {
			isa = XCBuildConfiguration;
			buildSettings = {
				ALWAYS_SEARCH_USER_PATHS = NO;
				ASSETCATALOG_COMPILER_GENERATE_SWIFT_ASSET_SYMBOL_EXTENSIONS = YES;
				CLANG_ANALYZER_NONNULL = YES;
				CLANG_ANALYZER_NUMBER_OBJECT_CONVERSION = YES_AGGRESSIVE;
				CLANG_CXX_LANGUAGE_STANDARD = "gnu++20";
				CLANG_ENABLE_MODULES = YES;
				CLANG_ENABLE_OBJC_ARC = YES;
				CLANG_ENABLE_OBJC_WEAK = YES;
				CLANG_WARN_BLOCK_CAPTURE_AUTORELEASING = YES;
				CLANG_WARN_BOOL_CONVERSION = YES;
				CLANG_WARN_COMMA = YES;
				CLANG_WARN_CONSTANT_CONVERSION = YES;
				CLANG_WARN_DEPRECATED_OBJC_IMPLEMENTATIONS = YES;
				CLANG_WARN_DIRECT_OBJC_ISA_USAGE = YES_ERROR;
				CLANG_WARN_DOCUMENTATION_COMMENTS = YES;
				CLANG_WARN_EMPTY_BODY = YES;
				CLANG_WARN_ENUM_CONVERSION = YES;
				CLANG_WARN_INFINITE_RECURSION = YES;
				CLANG_WARN_INT_CONVERSION = YES;
				CLANG_WARN_NON_LITERAL_NULL_CONVERSION = YES;
				CLANG_WARN_OBJC_IMPLICIT_RETAIN_SELF = YES;
				CLANG_WARN_OBJC_LITERAL_CONVERSION = YES;
				CLANG_WARN_OBJC_ROOT_CLASS = YES_ERROR;
				CLANG_WARN_QUOTED_INCLUDE_IN_FRAMEWORK_HEADER = YES;
				CLANG_WARN_RANGE_LOOP_ANALYSIS = YES;
				CLANG_WARN_STRICT_PROTOTYPES = YES;
				CLANG_WARN_SUSPICIOUS_MOVE = YES;
				CLANG_WARN_UNGUARDED_AVAILABILITY = YES_AGGRESSIVE;
				CLANG_WARN_UNREACHABLE_CODE = YES;
				CLANG_WARN__DUPLICATE_METHOD_MATCH = YES;
				COPY_PHASE_STRIP = NO;
				DEBUG_INFORMATION_FORMAT = dwarf;
				ENABLE_STRICT_OBJC_MSGSEND = YES;
				ENABLE_TESTABILITY = YES;
				ENABLE_USER_SCRIPT_SANDBOXING = YES;
				GCC_C_LANGUAGE_STANDARD = gnu17;
				GCC_DYNAMIC_NO_PIC = NO;
				GCC_NO_COMMON_BLOCKS = YES;
				GCC_OPTIMIZATION_LEVEL = 0;
				GCC_PREPROCESSOR_DEFINITIONS = (
					"DEBUG=1",
					"$(inherited)",
				);
				GCC_WARN_64_TO_32_BIT_CONVERSION = YES;
				GCC_WARN_ABOUT_RETURN_TYPE = YES_ERROR;
				GCC_WARN_UNDECLARED_SELECTOR = YES;
				GCC_WARN_UNINITIALIZED_AUTOS = YES_AGGRESSIVE;
				GCC_WARN_UNUSED_FUNCTION = YES;
				GCC_WARN_UNUSED_VARIABLE = YES;
				IPHONEOS_DEPLOYMENT_TARGET = 17.2;
				LOCALIZATION_PREFERS_STRING_CATALOGS = YES;
				MTL_ENABLE_DEBUG_INFO = INCLUDE_SOURCE;
				MTL_FAST_MATH = YES;
				ONLY_ACTIVE_ARCH = YES;
				SDKROOT = iphoneos;
				SWIFT_ACTIVE_COMPILATION_CONDITIONS = "DEBUG $(inherited)";
				SWIFT_OPTIMIZATION_LEVEL = "-Onone";
			};
			name = Debug;
		};
		27C597F52B4F53200051F35C /* Release */ = {
			isa = XCBuildConfiguration;
			buildSettings = {
				ALWAYS_SEARCH_USER_PATHS = NO;
				ASSETCATALOG_COMPILER_GENERATE_SWIFT_ASSET_SYMBOL_EXTENSIONS = YES;
				CLANG_ANALYZER_NONNULL = YES;
				CLANG_ANALYZER_NUMBER_OBJECT_CONVERSION = YES_AGGRESSIVE;
				CLANG_CXX_LANGUAGE_STANDARD = "gnu++20";
				CLANG_ENABLE_MODULES = YES;
				CLANG_ENABLE_OBJC_ARC = YES;
				CLANG_ENABLE_OBJC_WEAK = YES;
				CLANG_WARN_BLOCK_CAPTURE_AUTORELEASING = YES;
				CLANG_WARN_BOOL_CONVERSION = YES;
				CLANG_WARN_COMMA = YES;
				CLANG_WARN_CONSTANT_CONVERSION = YES;
				CLANG_WARN_DEPRECATED_OBJC_IMPLEMENTATIONS = YES;
				CLANG_WARN_DIRECT_OBJC_ISA_USAGE = YES_ERROR;
				CLANG_WARN_DOCUMENTATION_COMMENTS = YES;
				CLANG_WARN_EMPTY_BODY = YES;
				CLANG_WARN_ENUM_CONVERSION = YES;
				CLANG_WARN_INFINITE_RECURSION = YES;
				CLANG_WARN_INT_CONVERSION = YES;
				CLANG_WARN_NON_LITERAL_NULL_CONVERSION = YES;
				CLANG_WARN_OBJC_IMPLICIT_RETAIN_SELF = YES;
				CLANG_WARN_OBJC_LITERAL_CONVERSION = YES;
				CLANG_WARN_OBJC_ROOT_CLASS = YES_ERROR;
				CLANG_WARN_QUOTED_INCLUDE_IN_FRAMEWORK_HEADER = YES;
				CLANG_WARN_RANGE_LOOP_ANALYSIS = YES;
				CLANG_WARN_STRICT_PROTOTYPES = YES;
				CLANG_WARN_SUSPICIOUS_MOVE = YES;
				CLANG_WARN_UNGUARDED_AVAILABILITY = YES_AGGRESSIVE;
				CLANG_WARN_UNREACHABLE_CODE = YES;
				CLANG_WARN__DUPLICATE_METHOD_MATCH = YES;
				COPY_PHASE_STRIP = NO;
				DEBUG_INFORMATION_FORMAT = "dwarf-with-dsym";
				ENABLE_NS_ASSERTIONS = NO;
				ENABLE_STRICT_OBJC_MSGSEND = YES;
				ENABLE_USER_SCRIPT_SANDBOXING = YES;
				GCC_C_LANGUAGE_STANDARD = gnu17;
				GCC_NO_COMMON_BLOCKS = YES;
				GCC_WARN_64_TO_32_BIT_CONVERSION = YES;
				GCC_WARN_ABOUT_RETURN_TYPE = YES_ERROR;
				GCC_WARN_UNDECLARED_SELECTOR = YES;
				GCC_WARN_UNINITIALIZED_AUTOS = YES_AGGRESSIVE;
				GCC_WARN_UNUSED_FUNCTION = YES;
				GCC_WARN_UNUSED_VARIABLE = YES;
				IPHONEOS_DEPLOYMENT_TARGET = 17.2;
				LOCALIZATION_PREFERS_STRING_CATALOGS = YES;
				MTL_ENABLE_DEBUG_INFO = NO;
				MTL_FAST_MATH = YES;
				SDKROOT = iphoneos;
				SWIFT_COMPILATION_MODE = wholemodule;
				VALIDATE_PRODUCT = YES;
			};
			name = Release;
		};
		27C597F72B4F53200051F35C /* Debug */ = {
			isa = XCBuildConfiguration;
			buildSettings = {
				ASSETCATALOG_COMPILER_APPICON_NAME = AppIcon;
				ASSETCATALOG_COMPILER_GLOBAL_ACCENT_COLOR_NAME = AccentColor;
				CODE_SIGN_STYLE = Automatic;
				CURRENT_PROJECT_VERSION = 1;
				DEVELOPMENT_TEAM = 3Z72SDHS75;
				GENERATE_INFOPLIST_FILE = YES;
				INFOPLIST_FILE = "github-followers-app/Info.plist";
				INFOPLIST_KEY_UIApplicationSupportsIndirectInputEvents = YES;
				INFOPLIST_KEY_UILaunchStoryboardName = LaunchScreen;
				INFOPLIST_KEY_UIMainStoryboardFile = "";
				INFOPLIST_KEY_UISupportedInterfaceOrientations = UIInterfaceOrientationPortrait;
				INFOPLIST_KEY_UISupportedInterfaceOrientations_iPad = "UIInterfaceOrientationLandscapeLeft UIInterfaceOrientationLandscapeRight UIInterfaceOrientationPortrait UIInterfaceOrientationPortraitUpsideDown";
				LD_RUNPATH_SEARCH_PATHS = (
					"$(inherited)",
					"@executable_path/Frameworks",
				);
				MARKETING_VERSION = 1.0;
				PRODUCT_BUNDLE_IDENTIFIER = "com.lcardoso.github-followers-app";
				PRODUCT_NAME = "$(TARGET_NAME)";
				SWIFT_EMIT_LOC_STRINGS = YES;
				SWIFT_VERSION = 5.0;
				TARGETED_DEVICE_FAMILY = "1,2";
			};
			name = Debug;
		};
		27C597F82B4F53200051F35C /* Release */ = {
			isa = XCBuildConfiguration;
			buildSettings = {
				ASSETCATALOG_COMPILER_APPICON_NAME = AppIcon;
				ASSETCATALOG_COMPILER_GLOBAL_ACCENT_COLOR_NAME = AccentColor;
				CODE_SIGN_STYLE = Automatic;
				CURRENT_PROJECT_VERSION = 1;
				DEVELOPMENT_TEAM = 3Z72SDHS75;
				GENERATE_INFOPLIST_FILE = YES;
				INFOPLIST_FILE = "github-followers-app/Info.plist";
				INFOPLIST_KEY_UIApplicationSupportsIndirectInputEvents = YES;
				INFOPLIST_KEY_UILaunchStoryboardName = LaunchScreen;
				INFOPLIST_KEY_UIMainStoryboardFile = "";
				INFOPLIST_KEY_UISupportedInterfaceOrientations = UIInterfaceOrientationPortrait;
				INFOPLIST_KEY_UISupportedInterfaceOrientations_iPad = "UIInterfaceOrientationLandscapeLeft UIInterfaceOrientationLandscapeRight UIInterfaceOrientationPortrait UIInterfaceOrientationPortraitUpsideDown";
				LD_RUNPATH_SEARCH_PATHS = (
					"$(inherited)",
					"@executable_path/Frameworks",
				);
				MARKETING_VERSION = 1.0;
				PRODUCT_BUNDLE_IDENTIFIER = "com.lcardoso.github-followers-app";
				PRODUCT_NAME = "$(TARGET_NAME)";
				SWIFT_EMIT_LOC_STRINGS = YES;
				SWIFT_VERSION = 5.0;
				TARGETED_DEVICE_FAMILY = "1,2";
			};
			name = Release;
		};
/* End XCBuildConfiguration section */

/* Begin XCConfigurationList section */
		27C597DD2B4F531E0051F35C /* Build configuration list for PBXProject "github-followers-app" */ = {
			isa = XCConfigurationList;
			buildConfigurations = (
				27C597F42B4F53200051F35C /* Debug */,
				27C597F52B4F53200051F35C /* Release */,
			);
			defaultConfigurationIsVisible = 0;
			defaultConfigurationName = Release;
		};
		27C597F62B4F53200051F35C /* Build configuration list for PBXNativeTarget "github-followers-app" */ = {
			isa = XCConfigurationList;
			buildConfigurations = (
				27C597F72B4F53200051F35C /* Debug */,
				27C597F82B4F53200051F35C /* Release */,
			);
			defaultConfigurationIsVisible = 0;
			defaultConfigurationName = Release;
		};
/* End XCConfigurationList section */
	};
	rootObject = 27C597DA2B4F531E0051F35C /* Project object */;
}
